
Microsoft Visual Studio Solution File, Format Version 12.00
# Visual Studio 14
VisualStudioVersion = 14.0.23107.0
MinimumVisualStudioVersion = 10.0.40219.1
Project("{FAE04EC0-301F-11D3-BF4B-00C04F79EFBC}") = "Dawdle.Client", "Dawdle.Client\Dawdle.Client.csproj", "{CEAD2C61-EC51-4C8F-B2EE-2CCB83A6DFC2}"
EndProject
Global
	GlobalSection(SolutionConfigurationPlatforms) = preSolution
		Debug|Any CPU = Debug|Any CPU
		Release|Any CPU = Release|Any CPU
	EndGlobalSection
	GlobalSection(ProjectConfigurationPlatforms) = postSolution
		{CEAD2C61-EC51-4C8F-B2EE-2CCB83A6DFC2}.Debug|Any CPU.ActiveCfg = Debug|Any CPU
		{CEAD2C61-EC51-4C8F-B2EE-2CCB83A6DFC2}.Debug|Any CPU.Build.0 = Debug|Any CPU
		{CEAD2C61-EC51-4C8F-B2EE-2CCB83A6DFC2}.Release|Any CPU.ActiveCfg = Release|Any CPU
		{CEAD2C61-EC51-4C8F-B2EE-2CCB83A6DFC2}.Release|Any CPU.Build.0 = Release|Any CPU
	EndGlobalSection
	GlobalSection(SolutionProperties) = preSolution
		HideSolutionNode = FALSE
	EndGlobalSection
EndGlobal
